// !$*UTF8*$!
{
	archiveVersion = 1;
	classes = {
	};
	objectVersion = 46;
	objects = {

/* Begin PBXBuildFile section */
		9F3134A21D45ED9300FA10AC /* main.m in Sources */ = {isa = PBXBuildFile; fileRef = 9F3134A11D45ED9300FA10AC /* main.m */; };
		9F3134A51D45ED9300FA10AC /* AppDelegate.m in Sources */ = {isa = PBXBuildFile; fileRef = 9F3134A41D45ED9300FA10AC /* AppDelegate.m */; };
		9F3134A81D45ED9300FA10AC /* ViewController.m in Sources */ = {isa = PBXBuildFile; fileRef = 9F3134A71D45ED9300FA10AC /* ViewController.m */; };
		9F3134AB1D45ED9300FA10AC /* Main.storyboard in Resources */ = {isa = PBXBuildFile; fileRef = 9F3134A91D45ED9300FA10AC /* Main.storyboard */; };
		9F3134AD1D45ED9300FA10AC /* Assets.xcassets in Resources */ = {isa = PBXBuildFile; fileRef = 9F3134AC1D45ED9300FA10AC /* Assets.xcassets */; };
		9F3134B01D45ED9300FA10AC /* LaunchScreen.storyboard in Resources */ = {isa = PBXBuildFile; fileRef = 9F3134AE1D45ED9300FA10AC /* LaunchScreen.storyboard */; };
/* End PBXBuildFile section */

/* Begin PBXFileReference section */
		9F31349D1D45ED9300FA10AC /* seePlist.app */ = {isa = PBXFileReference; explicitFileType = wrapper.application; includeInIndex = 0; path = seePlist.app; sourceTree = BUILT_PRODUCTS_DIR; };
		9F3134A11D45ED9300FA10AC /* main.m */ = {isa = PBXFileReference; lastKnownFileType = sourcecode.c.objc; path = main.m; sourceTree = "<group>"; };
		9F3134A31D45ED9300FA10AC /* AppDelegate.h */ = {isa = PBXFileReference; lastKnownFileType = sourcecode.c.h; path = AppDelegate.h; sourceTree = "<group>"; };
		9F3134A41D45ED9300FA10AC /* AppDelegate.m */ = {isa = PBXFileReference; lastKnownFileType = sourcecode.c.objc; path = AppDelegate.m; sourceTree = "<group>"; };
		9F3134A61D45ED9300FA10AC /* ViewController.h */ = {isa = PBXFileReference; lastKnownFileType = sourcecode.c.h; path = ViewController.h; sourceTree = "<group>"; };
		9F3134A71D45ED9300FA10AC /* ViewController.m */ = {isa = PBXFileReference; lastKnownFileType = sourcecode.c.objc; path = ViewController.m; sourceTree = "<group>"; };
		9F3134AA1D45ED9300FA10AC /* Base */ = {isa = PBXFileReference; lastKnownFileType = file.storyboard; name = Base; path = Base.lproj/Main.storyboard; sourceTree = "<group>"; };
		9F3134AC1D45ED9300FA10AC /* Assets.xcassets */ = {isa = PBXFileReference; lastKnownFileType = folder.assetcatalog; path = Assets.xcassets; sourceTree = "<group>"; };
		9F3134AF1D45ED9300FA10AC /* Base */ = {isa = PBXFileReference; lastKnownFileType = file.storyboard; name = Base; path = Base.lproj/LaunchScreen.storyboard; sourceTree = "<group>"; };
		9F3134B11D45ED9300FA10AC /* Info.plist */ = {isa = PBXFileReference; lastKnownFileType = text.plist.xml; path = Info.plist; sourceTree = "<group>"; };
/* End PBXFileReference section */

/* Begin PBXFrameworksBuildPhase section */
		9F31349A1D45ED9300FA10AC /* Frameworks */ = {
			isa = PBXFrameworksBuildPhase;
			buildActionMask = 2147483647;
			files = (
			);
			runOnlyForDeploymentPostprocessing = 0;
		};
/* End PBXFrameworksBuildPhase section */

/* Begin PBXGroup section */
		9F3134941D45ED9300FA10AC = {
			isa = PBXGroup;
			children = (
				9F31349F1D45ED9300FA10AC /* seePlist */,
				9F31349E1D45ED9300FA10AC /* Products */,
			);
			sourceTree = "<group>";
		};
		9F31349E1D45ED9300FA10AC /* Products */ = {
			isa = PBXGroup;
			children = (
				9F31349D1D45ED9300FA10AC /* seePlist.app */,
			);
			name = Products;
			sourceTree = "<group>";
		};
		9F31349F1D45ED9300FA10AC /* seePlist */ = {
			isa = PBXGroup;
			children = (
				9F3134A31D45ED9300FA10AC /* AppDelegate.h */,
				9F3134A41D45ED9300FA10AC /* AppDelegate.m */,
				9F3134A61D45ED9300FA10AC /* ViewController.h */,
				9F3134A71D45ED9300FA10AC /* ViewController.m */,
				9F3134A91D45ED9300FA10AC /* Main.storyboard */,
				9F3134AC1D45ED9300FA10AC /* Assets.xcassets */,
				9F3134AE1D45ED9300FA10AC /* LaunchScreen.storyboard */,
				9F3134B11D45ED9300FA10AC /* Info.plist */,
				9F3134A01D45ED9300FA10AC /* Supporting Files */,
			);
			path = seePlist;
			sourceTree = "<group>";
		};
		9F3134A01D45ED9300FA10AC /* Supporting Files */ = {
			isa = PBXGroup;
			children = (
				9F3134A11D45ED9300FA10AC /* main.m */,
			);
			name = "Supporting Files";
			sourceTree = "<group>";
		};
/* End PBXGroup section */

/* Begin PBXNativeTarget section */
		9F31349C1D45ED9300FA10AC /* seePlist */ = {
			isa = PBXNativeTarget;
			buildConfigurationList = 9F3134B41D45ED9400FA10AC /* Build configuration list for PBXNativeTarget "seePlist" */;
			buildPhases = (
				9F3134991D45ED9300FA10AC /* Sources */,
				9F31349A1D45ED9300FA10AC /* Frameworks */,
				9F31349B1D45ED9300FA10AC /* Resources */,
			);
			buildRules = (
			);
			dependencies = (
			);
			name = seePlist;
			productName = seePlist;
			productReference = 9F31349D1D45ED9300FA10AC /* seePlist.app */;
			productType = "com.apple.product-type.application";
		};
/* End PBXNativeTarget section */

/* Begin PBXProject section */
		9F3134951D45ED9300FA10AC /* Project object */ = {
			isa = PBXProject;
			attributes = {
				LastUpgradeCheck = 0720;
				ORGANIZATIONNAME = Lucian;
				TargetAttributes = {
					9F31349C1D45ED9300FA10AC = {
						CreatedOnToolsVersion = 7.2.1;
					};
				};
			};
			buildConfigurationList = 9F3134981D45ED9300FA10AC /* Build configuration list for PBXProject "seePlist" */;
			compatibilityVersion = "Xcode 3.2";
			developmentRegion = English;
			hasScannedForEncodings = 0;
			knownRegions = (
				en,
				Base,
			);
			mainGroup = 9F3134941D45ED9300FA10AC;
			productRefGroup = 9F31349E1D45ED9300FA10AC /* Products */;
			projectDirPath = "";
			projectRoot = "";
			targets = (
				9F31349C1D45ED9300FA10AC /* seePlist */,
			);
		};
/* End PBXProject section */

/* Begin PBXResourcesBuildPhase section */
		9F31349B1D45ED9300FA10AC /* Resources */ = {
			isa = PBXResourcesBuildPhase;
			buildActionMask = 2147483647;
			files = (
				9F3134B01D45ED9300FA10AC /* LaunchScreen.storyboard in Resources */,
				9F3134AD1D45ED9300FA10AC /* Assets.xcassets in Resources */,
				9F3134AB1D45ED9300FA10AC /* Main.storyboard in Resources */,
			);
			runOnlyForDeploymentPostprocessing = 0;
		};
/* End PBXResourcesBuildPhase section */

/* Begin PBXSourcesBuildPhase section */
		9F3134991D45ED9300FA10AC /* Sources */ = {
			isa = PBXSourcesBuildPhase;
			buildActionMask = 2147483647;
			files = (
				9F3134A81D45ED9300FA10AC /* ViewController.m in Sources */,
				9F3134A51D45ED9300FA10AC /* AppDelegate.m in Sources */,
				9F3134A21D45ED9300FA10AC /* main.m in Sources */,
			);
			runOnlyForDeploymentPostprocessing = 0;
		};
/* End PBXSourcesBuildPhase section */

/* Begin PBXVariantGroup section */
		9F3134A91D45ED9300FA10AC /* Main.storyboard */ = {
			isa = PBXVariantGroup;
			children = (
				9F3134AA1D45ED9300FA10AC /* Base */,
			);
			name = Main.storyboard;
			sourceTree = "<group>";
		};
		9F3134AE1D45ED9300FA10AC /* LaunchScreen.storyboard */ = {
			isa = PBXVariantGroup;
			children = (
				9F3134AF1D45ED9300FA10AC /* Base */,
			);
			name = LaunchScreen.storyboard;
			sourceTree = "<group>";
		};
/* End PBXVariantGroup section */

/* Begin XCBuildConfiguration section */
		9F3134B21D45ED9400FA10AC /* Debug */ = {
			isa = XCBuildConfiguration;
			buildSettings = {
				ALWAYS_SEARCH_USER_PATHS = NO;
				CLANG_CXX_LANGUAGE_STANDARD = "gnu++0x";
				CLANG_CXX_LIBRARY = "libc++";
				CLANG_ENABLE_MODULES = YES;
				CLANG_ENABLE_OBJC_ARC = YES;
				CLANG_WARN_BOOL_CONVERSION = YES;
				CLANG_WARN_CONSTANT_CONVERSION = YES;
				CLANG_WARN_DIRECT_OBJC_ISA_USAGE = YES_ERROR;
				CLANG_WARN_EMPTY_BODY = YES;
				CLANG_WARN_ENUM_CONVERSION = YES;
				CLANG_WARN_INT_CONVERSION = YES;
				CLANG_WARN_OBJC_ROOT_CLASS = YES_ERROR;
				CLANG_WARN_UNREACHABLE_CODE = YES;
				CLANG_WARN__DUPLICATE_METHOD_MATCH = YES;
				"CODE_SIGN_IDENTITY[sdk=iphoneos*]" = "iPhone Developer";
				COPY_PHASE_STRIP = NO;
				DEBUG_INFORMATION_FORMAT = dwarf;
				ENABLE_STRICT_OBJC_MSGSEND = YES;
				ENABLE_TESTABILITY = YES;
				GCC_C_LANGUAGE_STANDARD = gnu99;
				GCC_DYNAMIC_NO_PIC = NO;
				GCC_NO_COMMON_BLOCKS = YES;
				GCC_OPTIMIZATION_LEVEL = 0;
				GCC_PREPROCESSOR_DEFINITIONS = (
					"DEBUG=1",
					"$(inherited)",
				);
				GCC_WARN_64_TO_32_BIT_CONVERSION = YES;
				GCC_WARN_ABOUT_RETURN_TYPE = YES_ERROR;
				GCC_WARN_UNDECLARED_SELECTOR = YES;
				GCC_WARN_UNINITIALIZED_AUTOS = YES_AGGRESSIVE;
				GCC_WARN_UNUSED_FUNCTION = YES;
				GCC_WARN_UNUSED_VARIABLE = YES;
				IPHONEOS_DEPLOYMENT_TARGET = 9.2;
				MTL_ENABLE_DEBUG_INFO = YES;
				ONLY_ACTIVE_ARCH = YES;
				SDKROOT = iphoneos;
				TARGETED_DEVICE_FAMILY = "1,2";
			};
			name = Debug;
		};
		9F3134B31D45ED9400FA10AC /* Release */ = {
			isa = XCBuildConfiguration;
			buildSettings = {
				ALWAYS_SEARCH_USER_PATHS = NO;
				CLANG_CXX_LANGUAGE_STANDARD = "gnu++0x";
				CLANG_CXX_LIBRARY = "libc++";
				CLANG_ENABLE_MODULES = YES;
				CLANG_ENABLE_OBJC_ARC = YES;
				CLANG_WARN_BOOL_CONVERSION = YES;
				CLANG_WARN_CONSTANT_CONVERSION = YES;
				CLANG_WARN_DIRECT_OBJC_ISA_USAGE = YES_ERROR;
				CLANG_WARN_EMPTY_BODY = YES;
				CLANG_WARN_ENUM_CONVERSION = YES;
				CLANG_WARN_INT_CONVERSION = YES;
				CLANG_WARN_OBJC_ROOT_CLASS = YES_ERROR;
				CLANG_WARN_UNREACHABLE_CODE = YES;
				CLANG_WARN__DUPLICATE_METHOD_MATCH = YES;
				"CODE_SIGN_IDENTITY[sdk=iphoneos*]" = "iPhone Developer";
				COPY_PHASE_STRIP = NO;
				DEBUG_INFORMATION_FORMAT = "dwarf-with-dsym";
				ENABLE_NS_ASSERTIONS = NO;
				ENABLE_STRICT_OBJC_MSGSEND = YES;
				GCC_C_LANGUAGE_STANDARD = gnu99;
				GCC_NO_COMMON_BLOCKS = YES;
				GCC_WARN_64_TO_32_BIT_CONVERSION = YES;
				GCC_WARN_ABOUT_RETURN_TYPE = YES_ERROR;
				GCC_WARN_UNDECLARED_SELECTOR = YES;
				GCC_WARN_UNINITIALIZED_AUTOS = YES_AGGRESSIVE;
				GCC_WARN_UNUSED_FUNCTION = YES;
				GCC_WARN_UNUSED_VARIABLE = YES;
				IPHONEOS_DEPLOYMENT_TARGET = 9.2;
				MTL_ENABLE_DEBUG_INFO = NO;
				SDKROOT = iphoneos;
				TARGETED_DEVICE_FAMILY = "1,2";
				VALIDATE_PRODUCT = YES;
			};
			name = Release;
		};
		9F3134B51D45ED9400FA10AC /* Debug */ = {
			isa = XCBuildConfiguration;
			buildSettings = {
				ASSETCATALOG_COMPILER_APPICON_NAME = AppIcon;
				INFOPLIST_FILE = seePlist/Info.plist;
				LD_RUNPATH_SEARCH_PATHS = "$(inherited) @executable_path/Frameworks";
				PRODUCT_BUNDLE_IDENTIFIER = com.sunshine.testOnMacMini.seePlist;
				PRODUCT_NAME = "$(TARGET_NAME)";
			};
			name = Debug;
		};
		9F3134B61D45ED9400FA10AC /* Release */ = {
			isa = XCBuildConfiguration;
			buildSettings = {
				ASSETCATALOG_COMPILER_APPICON_NAME = AppIcon;
				INFOPLIST_FILE = seePlist/Info.plist;
				LD_RUNPATH_SEARCH_PATHS = "$(inherited) @executable_path/Frameworks";
				PRODUCT_BUNDLE_IDENTIFIER = com.sunshine.testOnMacMini.seePlist;
				PRODUCT_NAME = "$(TARGET_NAME)";
			};
			name = Release;
		};
/* End XCBuildConfiguration section */

/* Begin XCConfigurationList section */
		9F3134981D45ED9300FA10AC /* Build configuration list for PBXProject "seePlist" */ = {
			isa = XCConfigurationList;
			buildConfigurations = (
				9F3134B21D45ED9400FA10AC /* Debug */,
				9F3134B31D45ED9400FA10AC /* Release */,
			);
			defaultConfigurationIsVisible = 0;
			defaultConfigurationName = Release;
		};
		9F3134B41D45ED9400FA10AC /* Build configuration list for PBXNativeTarget "seePlist" */ = {
			isa = XCConfigurationList;
			buildConfigurations = (
				9F3134B51D45ED9400FA10AC /* Debug */,
				9F3134B61D45ED9400FA10AC /* Release */,
			);
			defaultConfigurationIsVisible = 0;
		};
/* End XCConfigurationList section */
	};
	rootObject = 9F3134951D45ED9300FA10AC /* Project object */;
}
